{
  "version": 4,
  "terraform_version": "1.14.8",
  "serial": 3,
  "lineage": "35c473da-5f64-0f0b-fb4b-68471b4cafa7",
  "outputs": {},
  "resources": [
    {
      "mode": "managed",
      "type": "vercel_project",
      "name": "lab_deployment",
      "provider": "provider[\"registry.terraform.io/vercel/vercel\"]",
      "instances": [
        {
          "schema_version": 0,
          "attributes": {
            "auto_assign_custom_domains": true,
            "automatically_expose_system_environment_variables": false,
            "build_command": null,
            "customer_success_code_visibility": false,
            "dev_command": null,
            "directory_listing": false,
            "environment": null,
            "framework": "vite",
            "function_failover": false,
            "git_comments": null,
            "git_fork_protection": true,
            "git_lfs": false,
            "git_repository": {
              "deploy_hooks": null,
              "production_branch": "main",
              "repo": "LiXo12318/lab-1-setup",
              "type": "github"
            },
            "id": "prj_wrgEfzmv4ruTvtkvnDwGBRXSOZNo",
            "ignore_command": null,
            "install_command": null,
            "name": "lab6-terraform",
            "oidc_token_config": {
              "enabled": false
            },
            "options_allowlist": null,
            "output_directory": null,
            "password_protection": null,
            "preview_comments": null,
            "prioritise_production_builds": false,
            "protection_bypass_for_automation": null,
            "protection_bypass_for_automation_secret": null,
            "public_source": null,
            "resource_config": {
              "function_default_cpu_type": null,
              "function_default_timeout": null
            },
            "root_directory": null,
            "serverless_function_region": "iad1",
            "skew_protection": null,
            "team_id": null,
            "trusted_ips": null,
            "vercel_authentication": {
              "deployment_type": "standard_protection"
            }
          },
          "sensitive_attributes": [],
          "identity_schema_version": 0
        }
      ]
    },
    {
      "mode": "managed",
      "type": "vercel_project_domain",
      "name": "custom_domain",
      "provider": "provider[\"registry.terraform.io/vercel/vercel\"]",
      "instances": [
        {
          "schema_version": 0,
          "attributes": {
            "domain": "lab6-lixo12318.vercel.app",
            "git_branch": null,
            "id": "lab6-lixo12318.vercel.app",
            "project_id": "prj_wrgEfzmv4ruTvtkvnDwGBRXSOZNo",
            "redirect": null,
            "redirect_status_code": null,
            "team_id": null
          },
          "sensitive_attributes": [],
          "identity_schema_version": 0,
          "dependencies": [
            "vercel_project.lab_deployment"
          ]
        }
      ]
    }
  ],
  "check_results": null
}
